
Microsoft Visual Studio Solution File, Format Version 12.00
# Visual Studio Version 16
VisualStudioVersion = 16.0.31424.327
MinimumVisualStudioVersion = 10.0.40219.1
Project("{FAE04EC0-301F-11D3-BF4B-00C04F79EFBC}") = "S21ClientApp", "S21ClientApp.csproj", "{B25191BF-DB74-4CE8-B7EF-ACD5AB876251}"
EndProject
Global
	GlobalSection(SolutionConfigurationPlatforms) = preSolution
		Debug|Any CPU = Debug|Any CPU
		Release|Any CPU = Release|Any CPU
	EndGlobalSection
	GlobalSection(ProjectConfigurationPlatforms) = postSolution
		{B25191BF-DB74-4CE8-B7EF-ACD5AB876251}.Debug|Any CPU.ActiveCfg = Debug|Any CPU
		{B25191BF-DB74-4CE8-B7EF-ACD5AB876251}.Debug|Any CPU.Build.0 = Debug|Any CPU
		{B25191BF-DB74-4CE8-B7EF-ACD5AB876251}.Release|Any CPU.ActiveCfg = Release|Any CPU
		{B25191BF-DB74-4CE8-B7EF-ACD5AB876251}.Release|Any CPU.Build.0 = Release|Any CPU
	EndGlobalSection
	GlobalSection(SolutionProperties) = preSolution
		HideSolutionNode = FALSE
	EndGlobalSection
	GlobalSection(ExtensibilityGlobals) = postSolution
		SolutionGuid = {24D62324-75CE-4CB2-AA5E-C3D725AF9C6F}
	EndGlobalSection
EndGlobal
