
Microsoft Visual Studio Solution File, Format Version 12.00
# Visual Studio Version 16
VisualStudioVersion = 16.0.31424.327
MinimumVisualStudioVersion = 10.0.40219.1
Project("{FAE04EC0-301F-11D3-BF4B-00C04F79EFBC}") = "S21WebApplication", "S21WebApplication.csproj", "{B4615D86-F0FB-4CA9-8613-1BCD646B4785}"
EndProject
Global
	GlobalSection(SolutionConfigurationPlatforms) = preSolution
		Debug|Any CPU = Debug|Any CPU
		Release|Any CPU = Release|Any CPU
	EndGlobalSection
	GlobalSection(ProjectConfigurationPlatforms) = postSolution
		{B4615D86-F0FB-4CA9-8613-1BCD646B4785}.Debug|Any CPU.ActiveCfg = Debug|Any CPU
		{B4615D86-F0FB-4CA9-8613-1BCD646B4785}.Debug|Any CPU.Build.0 = Debug|Any CPU
		{B4615D86-F0FB-4CA9-8613-1BCD646B4785}.Release|Any CPU.ActiveCfg = Release|Any CPU
		{B4615D86-F0FB-4CA9-8613-1BCD646B4785}.Release|Any CPU.Build.0 = Release|Any CPU
	EndGlobalSection
	GlobalSection(SolutionProperties) = preSolution
		HideSolutionNode = FALSE
	EndGlobalSection
	GlobalSection(ExtensibilityGlobals) = postSolution
		SolutionGuid = {274E19FC-37A2-4BD4-8A30-0E1EEB0EE902}
	EndGlobalSection
EndGlobal
